
Microsoft Visual Studio Solution File, Format Version 12.00
# Visual Studio Version 16
VisualStudioVersion = 16.0.32413.511
MinimumVisualStudioVersion = 10.0.40219.1
Project("{F14B399A-7131-4C87-9E4B-1186C45EF12D}") = "Sivabose_SSRS_Demo", "Sivabose_SSRS_Demo\Sivabose_SSRS_Demo.rptproj", "{57715BC3-F71A-4B88-A656-DE6826F92068}"
EndProject
Global
	GlobalSection(SolutionConfigurationPlatforms) = preSolution
		Debug|Default = Debug|Default
		DebugLocal|Default = DebugLocal|Default
		Release|Default = Release|Default
	EndGlobalSection
	GlobalSection(ProjectConfigurationPlatforms) = postSolution
		{57715BC3-F71A-4B88-A656-DE6826F92068}.Debug|Default.ActiveCfg = Debug
		{57715BC3-F71A-4B88-A656-DE6826F92068}.Debug|Default.Build.0 = Debug
		{57715BC3-F71A-4B88-A656-DE6826F92068}.Debug|Default.Deploy.0 = Debug
		{57715BC3-F71A-4B88-A656-DE6826F92068}.DebugLocal|Default.ActiveCfg = DebugLocal
		{57715BC3-F71A-4B88-A656-DE6826F92068}.DebugLocal|Default.Build.0 = DebugLocal
		{57715BC3-F71A-4B88-A656-DE6826F92068}.Release|Default.ActiveCfg = Release
		{57715BC3-F71A-4B88-A656-DE6826F92068}.Release|Default.Build.0 = Release
		{57715BC3-F71A-4B88-A656-DE6826F92068}.Release|Default.Deploy.0 = Release
	EndGlobalSection
	GlobalSection(SolutionProperties) = preSolution
		HideSolutionNode = FALSE
	EndGlobalSection
	GlobalSection(ExtensibilityGlobals) = postSolution
		SolutionGuid = {2D80A6A1-7D9F-4706-A476-F49A9F0C1715}
	EndGlobalSection
EndGlobal
